// !$*UTF8*$!
{
	archiveVersion = 1;
	classes = {
	};
	objectVersion = 46;
	objects = {

/* Begin PBXBuildFile section */
		1A3A468820CA706600EEC534 /* TabbarController.m in Sources */ = {isa = PBXBuildFile; fileRef = 1A3A468220CA706600EEC534 /* TabbarController.m */; };
		1A3A468920CA706600EEC534 /* NavigationController.m in Sources */ = {isa = PBXBuildFile; fileRef = 1A3A468620CA706600EEC534 /* NavigationController.m */; };
		1A3A468A20CA706600EEC534 /* CWScrollView.m in Sources */ = {isa = PBXBuildFile; fileRef = 1A3A468720CA706600EEC534 /* CWScrollView.m */; };
		1A3A468F20CA707C00EEC534 /* 2.jpg in Resources */ = {isa = PBXBuildFile; fileRef = 1A3A468C20CA707C00EEC534 /* 2.jpg */; };
		1A3A469020CA707C00EEC534 /* 1.jpg in Resources */ = {isa = PBXBuildFile; fileRef = 1A3A468D20CA707C00EEC534 /* 1.jpg */; };
		1A3A469120CA707C00EEC534 /* 0.jpg in Resources */ = {isa = PBXBuildFile; fileRef = 1A3A468E20CA707C00EEC534 /* 0.jpg */; };
		1A3A469C20CA708E00EEC534 /* NextViewController.m in Sources */ = {isa = PBXBuildFile; fileRef = 1A3A469420CA708E00EEC534 /* NextViewController.m */; };
		1A3A469D20CA708F00EEC534 /* RightViewController.m in Sources */ = {isa = PBXBuildFile; fileRef = 1A3A469520CA708E00EEC534 /* RightViewController.m */; };
		1A3A469F20CA708F00EEC534 /* LeftViewController.m in Sources */ = {isa = PBXBuildFile; fileRef = 1A3A469A20CA708E00EEC534 /* LeftViewController.m */; };
		1A3A46A420CA719E00EEC534 /* CWTableViewInfo.m in Sources */ = {isa = PBXBuildFile; fileRef = 1A3A46A320CA719E00EEC534 /* CWTableViewInfo.m */; };
		1A3A46AA20CA767400EEC534 /* CWTableViewCellInfo.m in Sources */ = {isa = PBXBuildFile; fileRef = 1A3A46A920CA767400EEC534 /* CWTableViewCellInfo.m */; };
		1A3A46AD20CA77A900EEC534 /* CWTableViewCell.m in Sources */ = {isa = PBXBuildFile; fileRef = 1A3A46AC20CA77A900EEC534 /* CWTableViewCell.m */; };
		1A8F225C1F04CD3E00322D76 /* MainViewController.m in Sources */ = {isa = PBXBuildFile; fileRef = 1A8F22511F04CD3E00322D76 /* MainViewController.m */; };
		1AB2C1E81F022F9E003F5EE0 /* main.m in Sources */ = {isa = PBXBuildFile; fileRef = 1AB2C1E71F022F9E003F5EE0 /* main.m */; };
		1AB2C1EB1F022F9E003F5EE0 /* AppDelegate.m in Sources */ = {isa = PBXBuildFile; fileRef = 1AB2C1EA1F022F9E003F5EE0 /* AppDelegate.m */; };
		1AB2C1F11F022F9E003F5EE0 /* Main.storyboard in Resources */ = {isa = PBXBuildFile; fileRef = 1AB2C1EF1F022F9E003F5EE0 /* Main.storyboard */; };
		1AB2C1F31F022F9E003F5EE0 /* Assets.xcassets in Resources */ = {isa = PBXBuildFile; fileRef = 1AB2C1F21F022F9E003F5EE0 /* Assets.xcassets */; };
		1AB2C1F61F022F9E003F5EE0 /* LaunchScreen.storyboard in Resources */ = {isa = PBXBuildFile; fileRef = 1AB2C1F41F022F9E003F5EE0 /* LaunchScreen.storyboard */; };
		663095D7200BAE3900FFC769 /* Default-568h@2x.png in Resources */ = {isa = PBXBuildFile; fileRef = 663095D6200BAE3900FFC769 /* Default-568h@2x.png */; };
		6661884C1FDEC7DE0038D644 /* CWInteractiveTransition.m in Sources */ = {isa = PBXBuildFile; fileRef = 666188421FDEC7DE0038D644 /* CWInteractiveTransition.m */; };
		6661884D1FDEC7DE0038D644 /* UIViewController+CWLateralSlide.m in Sources */ = {isa = PBXBuildFile; fileRef = 666188451FDEC7DE0038D644 /* UIViewController+CWLateralSlide.m */; };
		6661884E1FDEC7DE0038D644 /* CWLateralSlideAnimator.m in Sources */ = {isa = PBXBuildFile; fileRef = 666188481FDEC7DE0038D644 /* CWLateralSlideAnimator.m */; };
		6661884F1FDEC7DE0038D644 /* CWDrawerTransition.m in Sources */ = {isa = PBXBuildFile; fileRef = 666188491FDEC7DE0038D644 /* CWDrawerTransition.m */; };
		666188501FDEC7DE0038D644 /* CWLateralSlideConfiguration.m in Sources */ = {isa = PBXBuildFile; fileRef = 6661884B1FDEC7DE0038D644 /* CWLateralSlideConfiguration.m */; };
/* End PBXBuildFile section */

/* Begin PBXFileReference section */
		1A3A468220CA706600EEC534 /* TabbarController.m */ = {isa = PBXFileReference; fileEncoding = 4; lastKnownFileType = sourcecode.c.objc; path = TabbarController.m; sourceTree = "<group>"; };
		1A3A468320CA706600EEC534 /* NavigationController.h */ = {isa = PBXFileReference; fileEncoding = 4; lastKnownFileType = sourcecode.c.h; path = NavigationController.h; sourceTree = "<group>"; };
		1A3A468420CA706600EEC534 /* CWScrollView.h */ = {isa = PBXFileReference; fileEncoding = 4; lastKnownFileType = sourcecode.c.h; path = CWScrollView.h; sourceTree = "<group>"; };
		1A3A468520CA706600EEC534 /* TabbarController.h */ = {isa = PBXFileReference; fileEncoding = 4; lastKnownFileType = sourcecode.c.h; path = TabbarController.h; sourceTree = "<group>"; };
		1A3A468620CA706600EEC534 /* NavigationController.m */ = {isa = PBXFileReference; fileEncoding = 4; lastKnownFileType = sourcecode.c.objc; path = NavigationController.m; sourceTree = "<group>"; };
		1A3A468720CA706600EEC534 /* CWScrollView.m */ = {isa = PBXFileReference; fileEncoding = 4; lastKnownFileType = sourcecode.c.objc; path = CWScrollView.m; sourceTree = "<group>"; };
		1A3A468C20CA707C00EEC534 /* 2.jpg */ = {isa = PBXFileReference; lastKnownFileType = image.jpeg; path = 2.jpg; sourceTree = "<group>"; };
		1A3A468D20CA707C00EEC534 /* 1.jpg */ = {isa = PBXFileReference; lastKnownFileType = image.jpeg; path = 1.jpg; sourceTree = "<group>"; };
		1A3A468E20CA707C00EEC534 /* 0.jpg */ = {isa = PBXFileReference; lastKnownFileType = image.jpeg; path = 0.jpg; sourceTree = "<group>"; };
		1A3A469320CA708E00EEC534 /* LeftViewController.h */ = {isa = PBXFileReference; fileEncoding = 4; lastKnownFileType = sourcecode.c.h; path = LeftViewController.h; sourceTree = "<group>"; };
		1A3A469420CA708E00EEC534 /* NextViewController.m */ = {isa = PBXFileReference; fileEncoding = 4; lastKnownFileType = sourcecode.c.objc; path = NextViewController.m; sourceTree = "<group>"; };
		1A3A469520CA708E00EEC534 /* RightViewController.m */ = {isa = PBXFileReference; fileEncoding = 4; lastKnownFileType = sourcecode.c.objc; path = RightViewController.m; sourceTree = "<group>"; };
		1A3A469720CA708E00EEC534 /* RightViewController.h */ = {isa = PBXFileReference; fileEncoding = 4; lastKnownFileType = sourcecode.c.h; path = RightViewController.h; sourceTree = "<group>"; };
		1A3A469820CA708E00EEC534 /* NextViewController.h */ = {isa = PBXFileReference; fileEncoding = 4; lastKnownFileType = sourcecode.c.h; path = NextViewController.h; sourceTree = "<group>"; };
		1A3A469A20CA708E00EEC534 /* LeftViewController.m */ = {isa = PBXFileReference; fileEncoding = 4; lastKnownFileType = sourcecode.c.objc; path = LeftViewController.m; sourceTree = "<group>"; };
		1A3A46A220CA719E00EEC534 /* CWTableViewInfo.h */ = {isa = PBXFileReference; lastKnownFileType = sourcecode.c.h; path = CWTableViewInfo.h; sourceTree = "<group>"; };
		1A3A46A320CA719E00EEC534 /* CWTableViewInfo.m */ = {isa = PBXFileReference; lastKnownFileType = sourcecode.c.objc; path = CWTableViewInfo.m; sourceTree = "<group>"; };
		1A3A46A820CA767400EEC534 /* CWTableViewCellInfo.h */ = {isa = PBXFileReference; lastKnownFileType = sourcecode.c.h; path = CWTableViewCellInfo.h; sourceTree = "<group>"; };
		1A3A46A920CA767400EEC534 /* CWTableViewCellInfo.m */ = {isa = PBXFileReference; lastKnownFileType = sourcecode.c.objc; path = CWTableViewCellInfo.m; sourceTree = "<group>"; };
		1A3A46AB20CA77A900EEC534 /* CWTableViewCell.h */ = {isa = PBXFileReference; lastKnownFileType = sourcecode.c.h; path = CWTableViewCell.h; sourceTree = "<group>"; };
		1A3A46AC20CA77A900EEC534 /* CWTableViewCell.m */ = {isa = PBXFileReference; lastKnownFileType = sourcecode.c.objc; path = CWTableViewCell.m; sourceTree = "<group>"; };
		1A8F22501F04CD3E00322D76 /* MainViewController.h */ = {isa = PBXFileReference; fileEncoding = 4; lastKnownFileType = sourcecode.c.h; path = MainViewController.h; sourceTree = "<group>"; };
		1A8F22511F04CD3E00322D76 /* MainViewController.m */ = {isa = PBXFileReference; fileEncoding = 4; lastKnownFileType = sourcecode.c.objc; path = MainViewController.m; sourceTree = "<group>"; };
		1AB2C1E31F022F9E003F5EE0 /* CWLateralSlideDemo.app */ = {isa = PBXFileReference; explicitFileType = wrapper.application; includeInIndex = 0; path = CWLateralSlideDemo.app; sourceTree = BUILT_PRODUCTS_DIR; };
		1AB2C1E71F022F9E003F5EE0 /* main.m */ = {isa = PBXFileReference; lastKnownFileType = sourcecode.c.objc; path = main.m; sourceTree = "<group>"; };
		1AB2C1E91F022F9E003F5EE0 /* AppDelegate.h */ = {isa = PBXFileReference; lastKnownFileType = sourcecode.c.h; path = AppDelegate.h; sourceTree = "<group>"; };
		1AB2C1EA1F022F9E003F5EE0 /* AppDelegate.m */ = {isa = PBXFileReference; lastKnownFileType = sourcecode.c.objc; path = AppDelegate.m; sourceTree = "<group>"; };
		1AB2C1F01F022F9E003F5EE0 /* Base */ = {isa = PBXFileReference; lastKnownFileType = file.storyboard; name = Base; path = Base.lproj/Main.storyboard; sourceTree = "<group>"; };
		1AB2C1F21F022F9E003F5EE0 /* Assets.xcassets */ = {isa = PBXFileReference; lastKnownFileType = folder.assetcatalog; path = Assets.xcassets; sourceTree = "<group>"; };
		1AB2C1F51F022F9E003F5EE0 /* Base */ = {isa = PBXFileReference; lastKnownFileType = file.storyboard; name = Base; path = Base.lproj/LaunchScreen.storyboard; sourceTree = "<group>"; };
		1AB2C1F71F022F9E003F5EE0 /* Info.plist */ = {isa = PBXFileReference; lastKnownFileType = text.plist.xml; path = Info.plist; sourceTree = "<group>"; };
		663095D6200BAE3900FFC769 /* Default-568h@2x.png */ = {isa = PBXFileReference; lastKnownFileType = image.png; path = "Default-568h@2x.png"; sourceTree = "<group>"; };
		666188421FDEC7DE0038D644 /* CWInteractiveTransition.m */ = {isa = PBXFileReference; fileEncoding = 4; lastKnownFileType = sourcecode.c.objc; path = CWInteractiveTransition.m; sourceTree = "<group>"; };
		666188431FDEC7DE0038D644 /* CWDrawerTransition.h */ = {isa = PBXFileReference; fileEncoding = 4; lastKnownFileType = sourcecode.c.h; path = CWDrawerTransition.h; sourceTree = "<group>"; };
		666188441FDEC7DE0038D644 /* CWLateralSlideAnimator.h */ = {isa = PBXFileReference; fileEncoding = 4; lastKnownFileType = sourcecode.c.h; path = CWLateralSlideAnimator.h; sourceTree = "<group>"; };
		666188451FDEC7DE0038D644 /* UIViewController+CWLateralSlide.m */ = {isa = PBXFileReference; fileEncoding = 4; lastKnownFileType = sourcecode.c.objc; path = "UIViewController+CWLateralSlide.m"; sourceTree = "<group>"; };
		666188461FDEC7DE0038D644 /* CWLateralSlideConfiguration.h */ = {isa = PBXFileReference; fileEncoding = 4; lastKnownFileType = sourcecode.c.h; path = CWLateralSlideConfiguration.h; sourceTree = "<group>"; };
		666188471FDEC7DE0038D644 /* CWInteractiveTransition.h */ = {isa = PBXFileReference; fileEncoding = 4; lastKnownFileType = sourcecode.c.h; path = CWInteractiveTransition.h; sourceTree = "<group>"; };
		666188481FDEC7DE0038D644 /* CWLateralSlideAnimator.m */ = {isa = PBXFileReference; fileEncoding = 4; lastKnownFileType = sourcecode.c.objc; path = CWLateralSlideAnimator.m; sourceTree = "<group>"; };
		666188491FDEC7DE0038D644 /* CWDrawerTransition.m */ = {isa = PBXFileReference; fileEncoding = 4; lastKnownFileType = sourcecode.c.objc; path = CWDrawerTransition.m; sourceTree = "<group>"; };
		6661884A1FDEC7DE0038D644 /* UIViewController+CWLateralSlide.h */ = {isa = PBXFileReference; fileEncoding = 4; lastKnownFileType = sourcecode.c.h; path = "UIViewController+CWLateralSlide.h"; sourceTree = "<group>"; };
		6661884B1FDEC7DE0038D644 /* CWLateralSlideConfiguration.m */ = {isa = PBXFileReference; fileEncoding = 4; lastKnownFileType = sourcecode.c.objc; path = CWLateralSlideConfiguration.m; sourceTree = "<group>"; };
/* End PBXFileReference section */

/* Begin PBXFrameworksBuildPhase section */
		1AB2C1E01F022F9E003F5EE0 /* Frameworks */ = {
			isa = PBXFrameworksBuildPhase;
			buildActionMask = 2147483647;
			files = (
			);
			runOnlyForDeploymentPostprocessing = 0;
		};
/* End PBXFrameworksBuildPhase section */

/* Begin PBXGroup section */
		1A3A468120CA706600EEC534 /* Main */ = {
			isa = PBXGroup;
			children = (
				1A3A468520CA706600EEC534 /* TabbarController.h */,
				1A3A468220CA706600EEC534 /* TabbarController.m */,
				1A3A468320CA706600EEC534 /* NavigationController.h */,
				1A3A468620CA706600EEC534 /* NavigationController.m */,
				1A3A468420CA706600EEC534 /* CWScrollView.h */,
				1A3A468720CA706600EEC534 /* CWScrollView.m */,
			);
			path = Main;
			sourceTree = "<group>";
		};
		1A3A468B20CA707C00EEC534 /* Images */ = {
			isa = PBXGroup;
			children = (
				1A3A468C20CA707C00EEC534 /* 2.jpg */,
				1A3A468D20CA707C00EEC534 /* 1.jpg */,
				1A3A468E20CA707C00EEC534 /* 0.jpg */,
			);
			path = Images;
			sourceTree = "<group>";
		};
		1A3A469220CA708E00EEC534 /* Controllers */ = {
			isa = PBXGroup;
			children = (
				1A8F22501F04CD3E00322D76 /* MainViewController.h */,
				1A8F22511F04CD3E00322D76 /* MainViewController.m */,
				1A3A469320CA708E00EEC534 /* LeftViewController.h */,
				1A3A469A20CA708E00EEC534 /* LeftViewController.m */,
				1A3A469720CA708E00EEC534 /* RightViewController.h */,
				1A3A469520CA708E00EEC534 /* RightViewController.m */,
				1A3A469820CA708E00EEC534 /* NextViewController.h */,
				1A3A469420CA708E00EEC534 /* NextViewController.m */,
			);
			path = Controllers;
			sourceTree = "<group>";
		};
		1A3A46A120CA70A000EEC534 /* TableViewWidget */ = {
			isa = PBXGroup;
			children = (
				1A3A46A220CA719E00EEC534 /* CWTableViewInfo.h */,
				1A3A46A320CA719E00EEC534 /* CWTableViewInfo.m */,
				1A3A46A820CA767400EEC534 /* CWTableViewCellInfo.h */,
				1A3A46A920CA767400EEC534 /* CWTableViewCellInfo.m */,
				1A3A46AB20CA77A900EEC534 /* CWTableViewCell.h */,
				1A3A46AC20CA77A900EEC534 /* CWTableViewCell.m */,
			);
			path = TableViewWidget;
			sourceTree = "<group>";
		};
		1A8F22491F04CD3E00322D76 /* Clasess */ = {
			isa = PBXGroup;
			children = (
				1A3A468B20CA707C00EEC534 /* Images */,
				1A3A468120CA706600EEC534 /* Main */,
				1A3A469220CA708E00EEC534 /* Controllers */,
				1A3A46A120CA70A000EEC534 /* TableViewWidget */,
			);
			path = Clasess;
			sourceTree = "<group>";
		};
		1AB2C1DA1F022F9D003F5EE0 = {
			isa = PBXGroup;
			children = (
				663095D6200BAE3900FFC769 /* Default-568h@2x.png */,
				1AB2C1E51F022F9E003F5EE0 /* CWLateralSlideDemo */,
				1AB2C1E41F022F9E003F5EE0 /* Products */,
			);
			sourceTree = "<group>";
		};
		1AB2C1E41F022F9E003F5EE0 /* Products */ = {
			isa = PBXGroup;
			children = (
				1AB2C1E31F022F9E003F5EE0 /* CWLateralSlideDemo.app */,
			);
			name = Products;
			sourceTree = "<group>";
		};
		1AB2C1E51F022F9E003F5EE0 /* CWLateralSlideDemo */ = {
			isa = PBXGroup;
			children = (
				666188411FDEC7DE0038D644 /* CWLateralSlide */,
				1A8F22491F04CD3E00322D76 /* Clasess */,
				1AB2C1E91F022F9E003F5EE0 /* AppDelegate.h */,
				1AB2C1EA1F022F9E003F5EE0 /* AppDelegate.m */,
				1AB2C1EF1F022F9E003F5EE0 /* Main.storyboard */,
				1AB2C1F21F022F9E003F5EE0 /* Assets.xcassets */,
				1AB2C1F41F022F9E003F5EE0 /* LaunchScreen.storyboard */,
				1AB2C1F71F022F9E003F5EE0 /* Info.plist */,
				1AB2C1E61F022F9E003F5EE0 /* Supporting Files */,
			);
			path = CWLateralSlideDemo;
			sourceTree = "<group>";
		};
		1AB2C1E61F022F9E003F5EE0 /* Supporting Files */ = {
			isa = PBXGroup;
			children = (
				1AB2C1E71F022F9E003F5EE0 /* main.m */,
			);
			name = "Supporting Files";
			sourceTree = "<group>";
		};
		666188411FDEC7DE0038D644 /* CWLateralSlide */ = {
			isa = PBXGroup;
			children = (
				666188431FDEC7DE0038D644 /* CWDrawerTransition.h */,
				666188491FDEC7DE0038D644 /* CWDrawerTransition.m */,
				666188471FDEC7DE0038D644 /* CWInteractiveTransition.h */,
				666188421FDEC7DE0038D644 /* CWInteractiveTransition.m */,
				666188441FDEC7DE0038D644 /* CWLateralSlideAnimator.h */,
				666188481FDEC7DE0038D644 /* CWLateralSlideAnimator.m */,
				666188461FDEC7DE0038D644 /* CWLateralSlideConfiguration.h */,
				6661884B1FDEC7DE0038D644 /* CWLateralSlideConfiguration.m */,
				6661884A1FDEC7DE0038D644 /* UIViewController+CWLateralSlide.h */,
				666188451FDEC7DE0038D644 /* UIViewController+CWLateralSlide.m */,
			);
			path = CWLateralSlide;
			sourceTree = SOURCE_ROOT;
		};
/* End PBXGroup section */

/* Begin PBXNativeTarget section */
		1AB2C1E21F022F9E003F5EE0 /* CWLateralSlideDemo */ = {
			isa = PBXNativeTarget;
			buildConfigurationList = 1AB2C1FA1F022F9E003F5EE0 /* Build configuration list for PBXNativeTarget "CWLateralSlideDemo" */;
			buildPhases = (
				1AB2C1DF1F022F9E003F5EE0 /* Sources */,
				1AB2C1E01F022F9E003F5EE0 /* Frameworks */,
				1AB2C1E11F022F9E003F5EE0 /* Resources */,
			);
			buildRules = (
			);
			dependencies = (
			);
			name = CWLateralSlideDemo;
			productName = ViewControllerTransition;
			productReference = 1AB2C1E31F022F9E003F5EE0 /* CWLateralSlideDemo.app */;
			productType = "com.apple.product-type.application";
		};
/* End PBXNativeTarget section */

/* Begin PBXProject section */
		1AB2C1DB1F022F9E003F5EE0 /* Project object */ = {
			isa = PBXProject;
			attributes = {
				LastUpgradeCheck = 0940;
				ORGANIZATIONNAME = chavez;
				TargetAttributes = {
					1AB2C1E21F022F9E003F5EE0 = {
						CreatedOnToolsVersion = 8.3.2;
						DevelopmentTeam = ML49CE4G8Y;
						ProvisioningStyle = Automatic;
					};
				};
			};
			buildConfigurationList = 1AB2C1DE1F022F9E003F5EE0 /* Build configuration list for PBXProject "CWLateralSlideDemo" */;
			compatibilityVersion = "Xcode 3.2";
			developmentRegion = English;
			hasScannedForEncodings = 0;
			knownRegions = (
				en,
				Base,
			);
			mainGroup = 1AB2C1DA1F022F9D003F5EE0;
			productRefGroup = 1AB2C1E41F022F9E003F5EE0 /* Products */;
			projectDirPath = "";
			projectRoot = "";
			targets = (
				1AB2C1E21F022F9E003F5EE0 /* CWLateralSlideDemo */,
			);
		};
/* End PBXProject section */

/* Begin PBXResourcesBuildPhase section */
		1AB2C1E11F022F9E003F5EE0 /* Resources */ = {
			isa = PBXResourcesBuildPhase;
			buildActionMask = 2147483647;
			files = (
				1AB2C1F61F022F9E003F5EE0 /* LaunchScreen.storyboard in Resources */,
				1AB2C1F31F022F9E003F5EE0 /* Assets.xcassets in Resources */,
				1A3A468F20CA707C00EEC534 /* 2.jpg in Resources */,
				1A3A469120CA707C00EEC534 /* 0.jpg in Resources */,
				1A3A469020CA707C00EEC534 /* 1.jpg in Resources */,
				663095D7200BAE3900FFC769 /* Default-568h@2x.png in Resources */,
				1AB2C1F11F022F9E003F5EE0 /* Main.storyboard in Resources */,
			);
			runOnlyForDeploymentPostprocessing = 0;
		};
/* End PBXResourcesBuildPhase section */

/* Begin PBXSourcesBuildPhase section */
		1AB2C1DF1F022F9E003F5EE0 /* Sources */ = {
			isa = PBXSourcesBuildPhase;
			buildActionMask = 2147483647;
			files = (
				6661884E1FDEC7DE0038D644 /* CWLateralSlideAnimator.m in Sources */,
				1A3A469C20CA708E00EEC534 /* NextViewController.m in Sources */,
				6661884C1FDEC7DE0038D644 /* CWInteractiveTransition.m in Sources */,
				1A3A46AD20CA77A900EEC534 /* CWTableViewCell.m in Sources */,
				1A8F225C1F04CD3E00322D76 /* MainViewController.m in Sources */,
				1AB2C1EB1F022F9E003F5EE0 /* AppDelegate.m in Sources */,
				1A3A46A420CA719E00EEC534 /* CWTableViewInfo.m in Sources */,
				1A3A469D20CA708F00EEC534 /* RightViewController.m in Sources */,
				6661884D1FDEC7DE0038D644 /* UIViewController+CWLateralSlide.m in Sources */,
				1A3A468820CA706600EEC534 /* TabbarController.m in Sources */,
				6661884F1FDEC7DE0038D644 /* CWDrawerTransition.m in Sources */,
				1A3A468920CA706600EEC534 /* NavigationController.m in Sources */,
				1AB2C1E81F022F9E003F5EE0 /* main.m in Sources */,
				1A3A469F20CA708F00EEC534 /* LeftViewController.m in Sources */,
				1A3A46AA20CA767400EEC534 /* CWTableViewCellInfo.m in Sources */,
				1A3A468A20CA706600EEC534 /* CWScrollView.m in Sources */,
				666188501FDEC7DE0038D644 /* CWLateralSlideConfiguration.m in Sources */,
			);
			runOnlyForDeploymentPostprocessing = 0;
		};
/* End PBXSourcesBuildPhase section */

/* Begin PBXVariantGroup section */
		1AB2C1EF1F022F9E003F5EE0 /* Main.storyboard */ = {
			isa = PBXVariantGroup;
			children = (
				1AB2C1F01F022F9E003F5EE0 /* Base */,
			);
			name = Main.storyboard;
			sourceTree = "<group>";
		};
		1AB2C1F41F022F9E003F5EE0 /* LaunchScreen.storyboard */ = {
			isa = PBXVariantGroup;
			children = (
				1AB2C1F51F022F9E003F5EE0 /* Base */,
			);
			name = LaunchScreen.storyboard;
			sourceTree = "<group>";
		};
/* End PBXVariantGroup section */

/* Begin XCBuildConfiguration section */
		1AB2C1F81F022F9E003F5EE0 /* Debug */ = {
			isa = XCBuildConfiguration;
			buildSettings = {
				ALWAYS_SEARCH_USER_PATHS = NO;
				CLANG_ANALYZER_NONNULL = YES;
				CLANG_ANALYZER_NUMBER_OBJECT_CONVERSION = YES_AGGRESSIVE;
				CLANG_CXX_LANGUAGE_STANDARD = "gnu++0x";
				CLANG_CXX_LIBRARY = "libc++";
				CLANG_ENABLE_MODULES = YES;
				CLANG_ENABLE_OBJC_ARC = YES;
				CLANG_WARN_BLOCK_CAPTURE_AUTORELEASING = YES;
				CLANG_WARN_BOOL_CONVERSION = YES;
				CLANG_WARN_COMMA = YES;
				CLANG_WARN_CONSTANT_CONVERSION = YES;
				CLANG_WARN_DEPRECATED_OBJC_IMPLEMENTATIONS = YES;
				CLANG_WARN_DIRECT_OBJC_ISA_USAGE = YES_ERROR;
				CLANG_WARN_DOCUMENTATION_COMMENTS = YES;
				CLANG_WARN_EMPTY_BODY = YES;
				CLANG_WARN_ENUM_CONVERSION = YES;
				CLANG_WARN_INFINITE_RECURSION = YES;
				CLANG_WARN_INT_CONVERSION = YES;
				CLANG_WARN_NON_LITERAL_NULL_CONVERSION = YES;
				CLANG_WARN_OBJC_IMPLICIT_RETAIN_SELF = YES;
				CLANG_WARN_OBJC_LITERAL_CONVERSION = YES;
				CLANG_WARN_OBJC_ROOT_CLASS = YES_ERROR;
				CLANG_WARN_RANGE_LOOP_ANALYSIS = YES;
				CLANG_WARN_STRICT_PROTOTYPES = YES;
				CLANG_WARN_SUSPICIOUS_MOVE = YES;
				CLANG_WARN_UNREACHABLE_CODE = YES;
				CLANG_WARN__DUPLICATE_METHOD_MATCH = YES;
				"CODE_SIGN_IDENTITY[sdk=iphoneos*]" = "iPhone Developer";
				COPY_PHASE_STRIP = NO;
				DEBUG_INFORMATION_FORMAT = dwarf;
				ENABLE_STRICT_OBJC_MSGSEND = YES;
				ENABLE_TESTABILITY = YES;
				GCC_C_LANGUAGE_STANDARD = gnu99;
				GCC_DYNAMIC_NO_PIC = NO;
				GCC_NO_COMMON_BLOCKS = YES;
				GCC_OPTIMIZATION_LEVEL = 0;
				GCC_PREPROCESSOR_DEFINITIONS = (
					"DEBUG=1",
					"$(inherited)",
				);
				GCC_WARN_64_TO_32_BIT_CONVERSION = YES;
				GCC_WARN_ABOUT_RETURN_TYPE = YES_ERROR;
				GCC_WARN_UNDECLARED_SELECTOR = YES;
				GCC_WARN_UNINITIALIZED_AUTOS = YES_AGGRESSIVE;
				GCC_WARN_UNUSED_FUNCTION = YES;
				GCC_WARN_UNUSED_VARIABLE = YES;
				IPHONEOS_DEPLOYMENT_TARGET = 8.0;
				MTL_ENABLE_DEBUG_INFO = YES;
				ONLY_ACTIVE_ARCH = YES;
				SDKROOT = iphoneos;
				TARGETED_DEVICE_FAMILY = "1,2";
			};
			name = Debug;
		};
		1AB2C1F91F022F9E003F5EE0 /* Release */ = {
			isa = XCBuildConfiguration;
			buildSettings = {
				ALWAYS_SEARCH_USER_PATHS = NO;
				CLANG_ANALYZER_NONNULL = YES;
				CLANG_ANALYZER_NUMBER_OBJECT_CONVERSION = YES_AGGRESSIVE;
				CLANG_CXX_LANGUAGE_STANDARD = "gnu++0x";
				CLANG_CXX_LIBRARY = "libc++";
				CLANG_ENABLE_MODULES = YES;
				CLANG_ENABLE_OBJC_ARC = YES;
				CLANG_WARN_BLOCK_CAPTURE_AUTORELEASING = YES;
				CLANG_WARN_BOOL_CONVERSION = YES;
				CLANG_WARN_COMMA = YES;
				CLANG_WARN_CONSTANT_CONVERSION = YES;
				CLANG_WARN_DEPRECATED_OBJC_IMPLEMENTATIONS = YES;
				CLANG_WARN_DIRECT_OBJC_ISA_USAGE = YES_ERROR;
				CLANG_WARN_DOCUMENTATION_COMMENTS = YES;
				CLANG_WARN_EMPTY_BODY = YES;
				CLANG_WARN_ENUM_CONVERSION = YES;
				CLANG_WARN_INFINITE_RECURSION = YES;
				CLANG_WARN_INT_CONVERSION = YES;
				CLANG_WARN_NON_LITERAL_NULL_CONVERSION = YES;
				CLANG_WARN_OBJC_IMPLICIT_RETAIN_SELF = YES;
				CLANG_WARN_OBJC_LITERAL_CONVERSION = YES;
				CLANG_WARN_OBJC_ROOT_CLASS = YES_ERROR;
				CLANG_WARN_RANGE_LOOP_ANALYSIS = YES;
				CLANG_WARN_STRICT_PROTOTYPES = YES;
				CLANG_WARN_SUSPICIOUS_MOVE = YES;
				CLANG_WARN_UNREACHABLE_CODE = YES;
				CLANG_WARN__DUPLICATE_METHOD_MATCH = YES;
				"CODE_SIGN_IDENTITY[sdk=iphoneos*]" = "iPhone Developer";
				COPY_PHASE_STRIP = NO;
				DEBUG_INFORMATION_FORMAT = "dwarf-with-dsym";
				ENABLE_NS_ASSERTIONS = NO;
				ENABLE_STRICT_OBJC_MSGSEND = YES;
				GCC_C_LANGUAGE_STANDARD = gnu99;
				GCC_NO_COMMON_BLOCKS = YES;
				GCC_WARN_64_TO_32_BIT_CONVERSION = YES;
				GCC_WARN_ABOUT_RETURN_TYPE = YES_ERROR;
				GCC_WARN_UNDECLARED_SELECTOR = YES;
				GCC_WARN_UNINITIALIZED_AUTOS = YES_AGGRESSIVE;
				GCC_WARN_UNUSED_FUNCTION = YES;
				GCC_WARN_UNUSED_VARIABLE = YES;
				IPHONEOS_DEPLOYMENT_TARGET = 8.0;
				MTL_ENABLE_DEBUG_INFO = NO;
				SDKROOT = iphoneos;
				TARGETED_DEVICE_FAMILY = "1,2";
				VALIDATE_PRODUCT = YES;
			};
			name = Release;
		};
		1AB2C1FB1F022F9E003F5EE0 /* Debug */ = {
			isa = XCBuildConfiguration;
			buildSettings = {
				ASSETCATALOG_COMPILER_APPICON_NAME = AppIcon;
				DEVELOPMENT_TEAM = ML49CE4G8Y;
				INFOPLIST_FILE = "$(SRCROOT)/CWLateralSlideDemo/Info.plist";
				LD_RUNPATH_SEARCH_PATHS = "$(inherited) @executable_path/Frameworks";
				PRODUCT_BUNDLE_IDENTIFIER = com.Chavez.CWLateralSlide11;
				PRODUCT_NAME = "$(TARGET_NAME)";
			};
			name = Debug;
		};
		1AB2C1FC1F022F9E003F5EE0 /* Release */ = {
			isa = XCBuildConfiguration;
			buildSettings = {
				ASSETCATALOG_COMPILER_APPICON_NAME = AppIcon;
				DEVELOPMENT_TEAM = ML49CE4G8Y;
				INFOPLIST_FILE = "$(SRCROOT)/CWLateralSlideDemo/Info.plist";
				LD_RUNPATH_SEARCH_PATHS = "$(inherited) @executable_path/Frameworks";
				PRODUCT_BUNDLE_IDENTIFIER = com.Chavez.CWLateralSlide11;
				PRODUCT_NAME = "$(TARGET_NAME)";
			};
			name = Release;
		};
/* End XCBuildConfiguration section */

/* Begin XCConfigurationList section */
		1AB2C1DE1F022F9E003F5EE0 /* Build configuration list for PBXProject "CWLateralSlideDemo" */ = {
			isa = XCConfigurationList;
			buildConfigurations = (
				1AB2C1F81F022F9E003F5EE0 /* Debug */,
				1AB2C1F91F022F9E003F5EE0 /* Release */,
			);
			defaultConfigurationIsVisible = 0;
			defaultConfigurationName = Release;
		};
		1AB2C1FA1F022F9E003F5EE0 /* Build configuration list for PBXNativeTarget "CWLateralSlideDemo" */ = {
			isa = XCConfigurationList;
			buildConfigurations = (
				1AB2C1FB1F022F9E003F5EE0 /* Debug */,
				1AB2C1FC1F022F9E003F5EE0 /* Release */,
			);
			defaultConfigurationIsVisible = 0;
			defaultConfigurationName = Release;
		};
/* End XCConfigurationList section */
	};
	rootObject = 1AB2C1DB1F022F9E003F5EE0 /* Project object */;
}
